# This file was autogenerated by Stack.
# You should not edit this file by hand.
# For more information, please see the documentation at:
#   https://docs.haskellstack.org/en/stable/lock_files

packages:
- completed:
    hackage: RtMidi-0.8.0.0@sha256:23b0f994be7dc57478d17ff4e3fc359984317630cf5b6c4d59196e8e64106f1e,3892
    pantry-tree:
      sha256: a4d71450d4a51b8a1e25fe890570b6616d529bcfb46e2109206f3a767af7124f
      size: 861
  original:
    hackage: RtMidi-0.8.0.0
- completed:
    hackage: hsc3-0.20@sha256:4e34f7a544cb7c5bfbf21e351707e032dbf1db4e661edb47c40260594421fdf5,5823
    pantry-tree:
      sha256: 1caa4686cb969714bbbaa6dca871881d89e0c5b24692ae38ff8f2072f837c69d
      size: 61576
  original:
    hackage: hsc3-0.20
- completed:
    hackage: hosc-0.20@sha256:5aa9985a65a7b31fd3707dc04bf6221273a83d2f47009f816622114ff6c59bac,2077
    pantry-tree:
      sha256: 30289a03bb0c49332d7eaf39182bf71314846d377886b62591dcf699acfee9e5
      size: 1753
  original:
    hackage: hosc-0.20
snapshots:
- completed:
    sha256: a27a5761890ade44d7dd21a5f5f93c87e60b9c063655fff835d69dd1071474f0
    size: 619163
    url: https://raw.githubusercontent.com/commercialhaskell/stackage-snapshots/master/lts/19/16.yaml
  original: lts-19.16
