# This file was autogenerated by Stack.
# You should not edit this file by hand.
# For more information, please see the documentation at:
#   https://docs.haskellstack.org/en/stable/lock_files

packages:
- completed:
    hackage: RtMidi-0.8.0.0@sha256:23b0f994be7dc57478d17ff4e3fc359984317630cf5b6c4d59196e8e64106f1e,3892
    pantry-tree:
      sha256: a4d71450d4a51b8a1e25fe890570b6616d529bcfb46e2109206f3a767af7124f
      size: 861
  original:
    hackage: RtMidi-0.8.0.0
- completed:
    hackage: hsc3-0.19.1@sha256:5d84938efe5f95e7d18b12efa4cd1aea82afabe0673d72c74a21e7a0b2ab62f0,5200
    pantry-tree:
      sha256: fda55b1300853cec4fa9195fcff058be1f73936c15290b7a5f66f8cf864fd504
      size: 11281
  original:
    hackage: hsc3-0.19.1
- completed:
    hackage: hosc-0.19.1@sha256:e969ae92fdc7a53c4e958ea35acc097317635522684b1f68705ceda34af43461,2017
    pantry-tree:
      sha256: 2e7130217dda184fe6ef39626eeee543136b792eeb838010326c671348463971
      size: 1371
  original:
    hackage: hosc-0.19.1
snapshots:
- completed:
    sha256: a27a5761890ade44d7dd21a5f5f93c87e60b9c063655fff835d69dd1071474f0
    size: 619163
    url: https://raw.githubusercontent.com/commercialhaskell/stackage-snapshots/master/lts/19/16.yaml
  original: lts-19.16
